
Microsoft Visual Studio Solution File, Format Version 12.00
# Visual Studio Version 16
VisualStudioVersion = 16.0.29123.88
MinimumVisualStudioVersion = 10.0.40219.1
Project("{FAE04EC0-301F-11D3-BF4B-00C04F79EFBC}") = "Sanitizer", "Sanitizer\Sanitizer.csproj", "{A2F3F851-54F1-41DB-9B95-2F04459DF999}"
EndProject
Project("{FAE04EC0-301F-11D3-BF4B-00C04F79EFBC}") = "Sanitizer.BL", "Sanitizer.BL\Sanitizer.BL.csproj", "{2EDA5B5B-5CD3-4A61-BFAB-38834685484A}"
EndProject
Project("{FAE04EC0-301F-11D3-BF4B-00C04F79EFBC}") = "Sanitizer.Harness", "Sanitizer.Harness\Sanitizer.Harness.csproj", "{45383902-C169-4DC4-9957-D7320C8FEB30}"
EndProject
Global
	GlobalSection(SolutionConfigurationPlatforms) = preSolution
		Debug|Any CPU = Debug|Any CPU
		Release|Any CPU = Release|Any CPU
	EndGlobalSection
	GlobalSection(ProjectConfigurationPlatforms) = postSolution
		{A2F3F851-54F1-41DB-9B95-2F04459DF999}.Debug|Any CPU.ActiveCfg = Debug|Any CPU
		{A2F3F851-54F1-41DB-9B95-2F04459DF999}.Debug|Any CPU.Build.0 = Debug|Any CPU
		{A2F3F851-54F1-41DB-9B95-2F04459DF999}.Release|Any CPU.ActiveCfg = Release|Any CPU
		{A2F3F851-54F1-41DB-9B95-2F04459DF999}.Release|Any CPU.Build.0 = Release|Any CPU
		{2EDA5B5B-5CD3-4A61-BFAB-38834685484A}.Debug|Any CPU.ActiveCfg = Debug|Any CPU
		{2EDA5B5B-5CD3-4A61-BFAB-38834685484A}.Debug|Any CPU.Build.0 = Debug|Any CPU
		{2EDA5B5B-5CD3-4A61-BFAB-38834685484A}.Release|Any CPU.ActiveCfg = Release|Any CPU
		{2EDA5B5B-5CD3-4A61-BFAB-38834685484A}.Release|Any CPU.Build.0 = Release|Any CPU
		{45383902-C169-4DC4-9957-D7320C8FEB30}.Debug|Any CPU.ActiveCfg = Debug|Any CPU
		{45383902-C169-4DC4-9957-D7320C8FEB30}.Debug|Any CPU.Build.0 = Debug|Any CPU
		{45383902-C169-4DC4-9957-D7320C8FEB30}.Release|Any CPU.ActiveCfg = Release|Any CPU
		{45383902-C169-4DC4-9957-D7320C8FEB30}.Release|Any CPU.Build.0 = Release|Any CPU
	EndGlobalSection
	GlobalSection(SolutionProperties) = preSolution
		HideSolutionNode = FALSE
	EndGlobalSection
	GlobalSection(ExtensibilityGlobals) = postSolution
		SolutionGuid = {578E65AA-B42D-4A29-828D-E718C241800B}
	EndGlobalSection
EndGlobal
